
Microsoft Visual Studio Solution File, Format Version 12.00
# Visual Studio Version 17
VisualStudioVersion = 17.5.33414.496
MinimumVisualStudioVersion = 10.0.40219.1
Project("{FAE04EC0-301F-11D3-BF4B-00C04F79EFBC}") = "wks-integration", "wks-integration.csproj", "{CE36964C-3503-4CB3-925A-42E9C8A48D67}"
EndProject
Global
	GlobalSection(SolutionConfigurationPlatforms) = preSolution
		Debug|Any CPU = Debug|Any CPU
		Release|Any CPU = Release|Any CPU
	EndGlobalSection
	GlobalSection(ProjectConfigurationPlatforms) = postSolution
		{CE36964C-3503-4CB3-925A-42E9C8A48D67}.Debug|Any CPU.ActiveCfg = Debug|Any CPU
		{CE36964C-3503-4CB3-925A-42E9C8A48D67}.Debug|Any CPU.Build.0 = Debug|Any CPU
		{CE36964C-3503-4CB3-925A-42E9C8A48D67}.Release|Any CPU.ActiveCfg = Release|Any CPU
		{CE36964C-3503-4CB3-925A-42E9C8A48D67}.Release|Any CPU.Build.0 = Release|Any CPU
	EndGlobalSection
	GlobalSection(SolutionProperties) = preSolution
		HideSolutionNode = FALSE
	EndGlobalSection
	GlobalSection(ExtensibilityGlobals) = postSolution
		SolutionGuid = {54CC09E4-99AF-4377-97BF-E8E507B14E0B}
	EndGlobalSection
EndGlobal
